
Microsoft Visual Studio Solution File, Format Version 12.00
# Visual Studio Version 17
VisualStudioVersion = 17.3.32825.248
MinimumVisualStudioVersion = 10.0.40219.1
Project("{9A19103F-16F7-4668-BE54-9A1E7A4F7556}") = "WebApiWithDapper", "WebApiWithDapper.csproj", "{99A380CC-2FD1-451F-B3A1-CABB2364A680}"
EndProject
Project("{FAE04EC0-301F-11D3-BF4B-00C04F79EFBC}") = "TestApi", "..\TestApi\TestApi.csproj", "{6EF70521-4B67-4F92-BA89-D7B5325C76B9}"
EndProject
Global
	GlobalSection(SolutionConfigurationPlatforms) = preSolution
		Debug|Any CPU = Debug|Any CPU
		Release|Any CPU = Release|Any CPU
	EndGlobalSection
	GlobalSection(ProjectConfigurationPlatforms) = postSolution
		{99A380CC-2FD1-451F-B3A1-CABB2364A680}.Debug|Any CPU.ActiveCfg = Debug|Any CPU
		{99A380CC-2FD1-451F-B3A1-CABB2364A680}.Debug|Any CPU.Build.0 = Debug|Any CPU
		{99A380CC-2FD1-451F-B3A1-CABB2364A680}.Release|Any CPU.ActiveCfg = Release|Any CPU
		{99A380CC-2FD1-451F-B3A1-CABB2364A680}.Release|Any CPU.Build.0 = Release|Any CPU
		{6EF70521-4B67-4F92-BA89-D7B5325C76B9}.Debug|Any CPU.ActiveCfg = Debug|Any CPU
		{6EF70521-4B67-4F92-BA89-D7B5325C76B9}.Debug|Any CPU.Build.0 = Debug|Any CPU
		{6EF70521-4B67-4F92-BA89-D7B5325C76B9}.Release|Any CPU.ActiveCfg = Release|Any CPU
		{6EF70521-4B67-4F92-BA89-D7B5325C76B9}.Release|Any CPU.Build.0 = Release|Any CPU
	EndGlobalSection
	GlobalSection(SolutionProperties) = preSolution
		HideSolutionNode = FALSE
	EndGlobalSection
	GlobalSection(ExtensibilityGlobals) = postSolution
		SolutionGuid = {E92AA9DD-F6FA-4646-B600-586EE3CE8611}
	EndGlobalSection
EndGlobal
